
Microsoft Visual Studio Solution File, Format Version 12.00
# Visual Studio Version 17
VisualStudioVersion = 17.0.31903.59
MinimumVisualStudioVersion = 10.0.40219.1
Project("{FAE04EC0-301F-11D3-BF4B-00C04F79EFBC}") = "TestForAzure", "TestForAzure\TestForAzure.csproj", "{8020A0D9-45A9-4977-B4D1-34EAA9A79AAA}"
EndProject
Global
	GlobalSection(SolutionConfigurationPlatforms) = preSolution
		Debug|Any CPU = Debug|Any CPU
		Release|Any CPU = Release|Any CPU
	EndGlobalSection
	GlobalSection(ProjectConfigurationPlatforms) = postSolution
		{8020A0D9-45A9-4977-B4D1-34EAA9A79AAA}.Debug|Any CPU.ActiveCfg = Debug|Any CPU
		{8020A0D9-45A9-4977-B4D1-34EAA9A79AAA}.Debug|Any CPU.Build.0 = Debug|Any CPU
		{8020A0D9-45A9-4977-B4D1-34EAA9A79AAA}.Release|Any CPU.ActiveCfg = Release|Any CPU
		{8020A0D9-45A9-4977-B4D1-34EAA9A79AAA}.Release|Any CPU.Build.0 = Release|Any CPU
	EndGlobalSection
	GlobalSection(SolutionProperties) = preSolution
		HideSolutionNode = FALSE
	EndGlobalSection
	GlobalSection(ExtensibilityGlobals) = postSolution
		SolutionGuid = {86338B9B-5EE0-462A-A5DE-3C90E9F166A5}
	EndGlobalSection
EndGlobal
